
Microsoft Visual Studio Solution File, Format Version 12.00
# Visual Studio 15
VisualStudioVersion = 15.0.27428.2002
MinimumVisualStudioVersion = 10.0.40219.1
Project("{FAE04EC0-301F-11D3-BF4B-00C04F79EFBC}") = "HoursCalculator", "HoursCalculator\HoursCalculator.csproj", "{23A957E2-1D75-4231-B1C8-9AD66189423D}"
EndProject
Global
	GlobalSection(SolutionConfigurationPlatforms) = preSolution
		Debug|Any CPU = Debug|Any CPU
		Release|Any CPU = Release|Any CPU
	EndGlobalSection
	GlobalSection(ProjectConfigurationPlatforms) = postSolution
		{23A957E2-1D75-4231-B1C8-9AD66189423D}.Debug|Any CPU.ActiveCfg = Debug|Any CPU
		{23A957E2-1D75-4231-B1C8-9AD66189423D}.Debug|Any CPU.Build.0 = Debug|Any CPU
		{23A957E2-1D75-4231-B1C8-9AD66189423D}.Release|Any CPU.ActiveCfg = Release|Any CPU
		{23A957E2-1D75-4231-B1C8-9AD66189423D}.Release|Any CPU.Build.0 = Release|Any CPU
	EndGlobalSection
	GlobalSection(SolutionProperties) = preSolution
		HideSolutionNode = FALSE
	EndGlobalSection
	GlobalSection(ExtensibilityGlobals) = postSolution
		SolutionGuid = {8759CDD6-06F8-44FF-8FDA-D18D169C8136}
	EndGlobalSection
EndGlobal
